{
  "name": "voltic_test",
  "lockfileVersion": 3,
  "requires": true,
  "packages": {
    "": {
      "dependencies": {
        "@wdesgardin/fivem-js": "^1.6.11"
      }
    },
    "node_modules/@citizenfx/client": {
      "version": "2.0.4748-1",
      "resolved": "https://registry.npmjs.org/@citizenfx/client/-/client-2.0.4748-1.tgz",
      "integrity": "sha512-rzdz+O/dH2haYiIotEq30l0eWzyJlSTr2ObLNOCr4skXTdC3KnH2nRif5uInZJQux9TxzLELjN7FMHwXuGVPZw=="
    },
    "node_modules/@wdesgardin/fivem-js": {
      "version": "1.6.11",
      "resolved": "https://registry.npmjs.org/@wdesgardin/fivem-js/-/fivem-js-1.6.11.tgz",
      "integrity": "sha512-Hn6HZUzhH976XjhqTLcIy/Iqzaet0YbsNh3adnh0tqY9aLu3trZ50vMiqtbqrQJxFJuVCyH1Vv9yiJYeqEfYLA==",
      "dependencies": {
        "@citizenfx/client": "^2.0.4748-1"
      }
    }
  }
}
